PODS:
  - AVOSCloud (3.0.2)
  - AVOSCloudSNS (3.0.2):
    - AVOSCloud
  - MMDrawerController (0.5.7):
    - MMDrawerController/Core (= 0.5.7)
    - MMDrawerController/MMDrawerBarButtonItem (= 0.5.7)
    - MMDrawerController/MMDrawerVisualStates (= 0.5.7)
    - MMDrawerController/Subclass (= 0.5.7)
  - MMDrawerController/Core (0.5.7)
  - MMDrawerController/MMDrawerBarButtonItem (0.5.7):
    - MMDrawerController/Core
  - MMDrawerController/MMDrawerVisualStates (0.5.7):
    - MMDrawerController/Core
  - MMDrawerController/Subclass (0.5.7):
    - MMDrawerController/Core
  - SDWebImage (3.7.1):
    - SDWebImage/Core (= 3.7.1)
  - SDWebImage/Core (3.7.1)
  - SIAlertView (1.3)

DEPENDENCIES:
  - AVOSCloud
  - AVOSCloudSNS
  - MMDrawerController
  - SDWebImage
  - SIAlertView

SPEC CHECKSUMS:
  AVOSCloud: eeacd471d18b3e24c3cb0d089110453261084489
  AVOSCloudSNS: 7d83ffbd3738b92c9ece62e93a65fa593587274b
  MMDrawerController: 7a4cf8e25596bf2434e03ce50d22a8608ddee6a1
  SDWebImage: ed3095af2ff88b436426037444979b917f6c5575
  SIAlertView: 20c794b55eaf44d888773ea51647cf8907723919

COCOAPODS: 0.36.0
