PODS:
  - AVOSCloud (3.0.3)
  - AVOSCloudSNS (3.0.3):
    - AVOSCloud
  - MMDrawerController (0.6.0):
    - MMDrawerController/Core (= 0.6.0)
    - MMDrawerController/MMDrawerBarButtonItem (= 0.6.0)
    - MMDrawerController/MMDrawerVisualStates (= 0.6.0)
    - MMDrawerController/Subclass (= 0.6.0)
  - MMDrawerController/Core (0.6.0)
  - MMDrawerController/MMDrawerBarButtonItem (0.6.0):
    - MMDrawerController/Core
  - MMDrawerController/MMDrawerVisualStates (0.6.0):
    - MMDrawerController/Core
  - MMDrawerController/Subclass (0.6.0):
    - MMDrawerController/Core
  - SDWebImage (3.7.2):
    - SDWebImage/Core (= 3.7.2)
  - SDWebImage/Core (3.7.2)
  - SIAlertView (1.3)

DEPENDENCIES:
  - AVOSCloud
  - AVOSCloudSNS
  - MMDrawerController
  - SDWebImage
  - SIAlertView

SPEC CHECKSUMS:
  AVOSCloud: 48b94343601a582928e560d734caa0c8dc75a612
  AVOSCloudSNS: e296b3dad06de4385a106b98cbb3d6831cd6b893
  MMDrawerController: e3a54a5570388463ad3b36975251575b50c4e1a0
  SDWebImage: 71b7cdc1d1721d6a82ed62889030225f2c249e29
  SIAlertView: 20c794b55eaf44d888773ea51647cf8907723919

COCOAPODS: 0.36.0
