// !$*UTF8*$!
{
	archiveVersion = 1;
	classes = {
	};
	objectVersion = 46;
	objects = {

/* Begin PBXBuildFile section */
		1F043A16187C18CC00EFA890 /* VZWebViewC.m in Sources */ = {isa = PBXBuildFile; fileRef = 1F043A15187C18CC00EFA890 /* VZWebViewC.m */; };
		1F0F989118385C2E000CE764 /* navBg@2x.png in Resources */ = {isa = PBXBuildFile; fileRef = 1F0F989018385C2E000CE764 /* navBg@2x.png */; };
		1F0F989418388E0E000CE764 /* VZCommentCell.m in Sources */ = {isa = PBXBuildFile; fileRef = 1F0F989318388E0E000CE764 /* VZCommentCell.m */; };
		1F0F98971838987C000CE764 /* chatBg@2x.png in Resources */ = {isa = PBXBuildFile; fileRef = 1F0F98951838987C000CE764 /* chatBg@2x.png */; };
		1F0F98981838987C000CE764 /* chatBg2@2x.png in Resources */ = {isa = PBXBuildFile; fileRef = 1F0F98961838987C000CE764 /* chatBg2@2x.png */; };
		1F19022C18ACBC5E00BC5438 /* search.png in Resources */ = {isa = PBXBuildFile; fileRef = 1F19022A18ACBC5E00BC5438 /* search.png */; };
		1F19022D18ACBC5E00BC5438 /* search@2x.png in Resources */ = {isa = PBXBuildFile; fileRef = 1F19022B18ACBC5E00BC5438 /* search@2x.png */; };
		1F19023018ACC66900BC5438 /* VZSearchBar.m in Sources */ = {isa = PBXBuildFile; fileRef = 1F19022F18ACC66900BC5438 /* VZSearchBar.m */; };
		1F19023318ACCEC000BC5438 /* searchClose.png in Resources */ = {isa = PBXBuildFile; fileRef = 1F19023118ACCEC000BC5438 /* searchClose.png */; };
		1F19023418ACCEC000BC5438 /* searchClose@2x.png in Resources */ = {isa = PBXBuildFile; fileRef = 1F19023218ACCEC000BC5438 /* searchClose@2x.png */; };
		1F49C110188AB05300767851 /* VZFeedbackC.m in Sources */ = {isa = PBXBuildFile; fileRef = 1F49C10F188AB05300767851 /* VZFeedbackC.m */; };
		1F4C5C121849B6ED00AB3696 /* VZNavC.m in Sources */ = {isa = PBXBuildFile; fileRef = 1F4C5C111849B6ED00AB3696 /* VZNavC.m */; };
		1F664F8B182375A500DA43F1 /* VZPostViewC.m in Sources */ = {isa = PBXBuildFile; fileRef = 1F664F8A182375A500DA43F1 /* VZPostViewC.m */; };
		1F7721F11812D3680080308A /* Foundation.framework in Frameworks */ = {isa = PBXBuildFile; fileRef = 1F7721F01812D3680080308A /* Foundation.framework */; };
		1F7721F31812D3680080308A /* CoreGraphics.framework in Frameworks */ = {isa = PBXBuildFile; fileRef = 1F7721F21812D3680080308A /* CoreGraphics.framework */; };
		1F7721F51812D3680080308A /* UIKit.framework in Frameworks */ = {isa = PBXBuildFile; fileRef = 1F7721F41812D3680080308A /* UIKit.framework */; };
		1F7721FB1812D3680080308A /* InfoPlist.strings in Resources */ = {isa = PBXBuildFile; fileRef = 1F7721F91812D3680080308A /* InfoPlist.strings */; };
		1F7721FD1812D3680080308A /* main.m in Sources */ = {isa = PBXBuildFile; fileRef = 1F7721FC1812D3680080308A /* main.m */; };
		1F7722011812D3680080308A /* VZAppDelegate.m in Sources */ = {isa = PBXBuildFile; fileRef = 1F7722001812D3680080308A /* VZAppDelegate.m */; };
		1F7722201812D6FC0080308A /* iPhone.storyboard in Resources */ = {isa = PBXBuildFile; fileRef = 1F77221F1812D6FC0080308A /* iPhone.storyboard */; };
		1F7722241812D7EA0080308A /* VZPostListC.m in Sources */ = {isa = PBXBuildFile; fileRef = 1F7722231812D7EA0080308A /* VZPostListC.m */; };
		1F772227181383350080308A /* VZMenuC.m in Sources */ = {isa = PBXBuildFile; fileRef = 1F772226181383350080308A /* VZMenuC.m */; };
		1F7DFD9F1821F31500323B65 /* VZProgressView.m in Sources */ = {isa = PBXBuildFile; fileRef = 1F7DFD9E1821F31500323B65 /* VZProgressView.m */; };
		1F80241118797A80005F4005 /* VZStatusListC.m in Sources */ = {isa = PBXBuildFile; fileRef = 1F80241018797A80005F4005 /* VZStatusListC.m */; };
		1F8A64BE1838C73D00E825BC /* MapKit.framework in Frameworks */ = {isa = PBXBuildFile; fileRef = 1F8A64BD1838C73D00E825BC /* MapKit.framework */; };
		1F94FF58183763C0001114B4 /* VZNavView.m in Sources */ = {isa = PBXBuildFile; fileRef = 1F94FF57183763C0001114B4 /* VZNavView.m */; };
		1F94FF5A183781D5001114B4 /* arrow@2x.png in Resources */ = {isa = PBXBuildFile; fileRef = 1F94FF59183781D5001114B4 /* arrow@2x.png */; };
		1F94FF5C183786BA001114B4 /* close@2x.png in Resources */ = {isa = PBXBuildFile; fileRef = 1F94FF5B183786BA001114B4 /* close@2x.png */; };
		1FAACB231813DB5700BA19DC /* head@2x.png in Resources */ = {isa = PBXBuildFile; fileRef = 1FAACB221813DB5700BA19DC /* head@2x.png */; };
		1FAACB261813E13F00BA19DC /* near@2x.png in Resources */ = {isa = PBXBuildFile; fileRef = 1FAACB241813E13F00BA19DC /* near@2x.png */; };
		1FAACB271813E13F00BA19DC /* settings@2x.png in Resources */ = {isa = PBXBuildFile; fileRef = 1FAACB251813E13F00BA19DC /* settings@2x.png */; };
		1FAACB291813E17F00BA19DC /* pics@2x.png in Resources */ = {isa = PBXBuildFile; fileRef = 1FAACB281813E17F00BA19DC /* pics@2x.png */; };
		1FAACB2B1813E19700BA19DC /* all@2x.png in Resources */ = {isa = PBXBuildFile; fileRef = 1FAACB2A1813E19700BA19DC /* all@2x.png */; };
		1FAACB2D1813E1EA00BA19DC /* req@2x.png in Resources */ = {isa = PBXBuildFile; fileRef = 1FAACB2C1813E1EA00BA19DC /* req@2x.png */; };
		1FAACB2F1813E27B00BA19DC /* Dots@2x.png in Resources */ = {isa = PBXBuildFile; fileRef = 1FAACB2E1813E27B00BA19DC /* Dots@2x.png */; };
		1FAACB331813E58200BA19DC /* VZM.m in Sources */ = {isa = PBXBuildFile; fileRef = 1FAACB321813E58200BA19DC /* VZM.m */; };
		1FC0819118252A13005CAFBB /* VZNearC.m in Sources */ = {isa = PBXBuildFile; fileRef = 1FC0819018252A13005CAFBB /* VZNearC.m */; };
		1FDA867A187926CA00DB536D /* spam.png in Resources */ = {isa = PBXBuildFile; fileRef = 1FDA8678187926CA00DB536D /* spam.png */; };
		1FDA867B187926CA00DB536D /* spam@2x.png in Resources */ = {isa = PBXBuildFile; fileRef = 1FDA8679187926CA00DB536D /* spam@2x.png */; };
		1FDA86841879342800DB536D /* home@2x.png in Resources */ = {isa = PBXBuildFile; fileRef = 1FDA86821879342800DB536D /* home@2x.png */; };
		1FDA86851879342800DB536D /* home.png in Resources */ = {isa = PBXBuildFile; fileRef = 1FDA86831879342800DB536D /* home.png */; };
		1FDD7527181BA4B400F490A3 /* VZPost.m in Sources */ = {isa = PBXBuildFile; fileRef = 1FDD7526181BA4B400F490A3 /* VZPost.m */; };
		1FDD752A181BAE0600F490A3 /* VZPostCell.m in Sources */ = {isa = PBXBuildFile; fileRef = 1FDD7529181BAE0600F490A3 /* VZPostCell.m */; };
		1FDD752C181CCC0700F490A3 /* bg@2x.png in Resources */ = {isa = PBXBuildFile; fileRef = 1FDD752B181CCC0700F490A3 /* bg@2x.png */; };
		1FDD752E181CCD6F00F490A3 /* bg2@2x.png in Resources */ = {isa = PBXBuildFile; fileRef = 1FDD752D181CCD6F00F490A3 /* bg2@2x.png */; };
		1FDD7530181CE30000F490A3 /* geo@2x.png in Resources */ = {isa = PBXBuildFile; fileRef = 1FDD752F181CE30000F490A3 /* geo@2x.png */; };
		1FDF3B11185441CC0069834B /* trash@2x.png in Resources */ = {isa = PBXBuildFile; fileRef = 1FDF3B0F185441CC0069834B /* trash@2x.png */; };
		1FDF3B12185441CC0069834B /* trash.png in Resources */ = {isa = PBXBuildFile; fileRef = 1FDF3B10185441CC0069834B /* trash.png */; };
		1FDF3B151854434D0069834B /* map.png in Resources */ = {isa = PBXBuildFile; fileRef = 1FDF3B131854434D0069834B /* map.png */; };
		1FDF3B161854434D0069834B /* map@2x.png in Resources */ = {isa = PBXBuildFile; fileRef = 1FDF3B141854434D0069834B /* map@2x.png */; };
		1FDF3B19185443D50069834B /* fav@2x.png in Resources */ = {isa = PBXBuildFile; fileRef = 1FDF3B17185443D50069834B /* fav@2x.png */; };
		1FDF3B1A185443D50069834B /* fav.png in Resources */ = {isa = PBXBuildFile; fileRef = 1FDF3B18185443D50069834B /* fav.png */; };
		1FDF3B1D185444380069834B /* deal@2x.png in Resources */ = {isa = PBXBuildFile; fileRef = 1FDF3B1B185444380069834B /* deal@2x.png */; };
		1FDF3B1E185444380069834B /* deal.png in Resources */ = {isa = PBXBuildFile; fileRef = 1FDF3B1C185444380069834B /* deal.png */; };
		1FDF3B21185445450069834B /* VZPostActionC.m in Sources */ = {isa = PBXBuildFile; fileRef = 1FDF3B20185445450069834B /* VZPostActionC.m */; };
		1FE18C55183C983E009E7938 /* VZStacView.m in Sources */ = {isa = PBXBuildFile; fileRef = 1FE18C54183C983E009E7938 /* VZStacView.m */; };
		1FF2A341183B0D3500731771 /* VZSettingsC.m in Sources */ = {isa = PBXBuildFile; fileRef = 1FF2A340183B0D3500731771 /* VZSettingsC.m */; };
		1FFC7EE8188BF79400C16B97 /* Icon.png in Resources */ = {isa = PBXBuildFile; fileRef = 1FFC7EE7188BF79400C16B97 /* Icon.png */; };
		1FFC7EEA188BF79A00C16B97 /* Icon@2x.png in Resources */ = {isa = PBXBuildFile; fileRef = 1FFC7EE9188BF79A00C16B97 /* Icon@2x.png */; };
		1FFC7EEC188BF7B200C16B97 /* Icon-120@2x.png in Resources */ = {isa = PBXBuildFile; fileRef = 1FFC7EEB188BF7B200C16B97 /* Icon-120@2x.png */; };
		1FFC7EEF188BF7DD00C16B97 /* Default-568h@2x.png in Resources */ = {isa = PBXBuildFile; fileRef = 1FFC7EED188BF7DD00C16B97 /* Default-568h@2x.png */; };
		1FFC7EF0188BF7DD00C16B97 /* Default@2x.png in Resources */ = {isa = PBXBuildFile; fileRef = 1FFC7EEE188BF7DD00C16B97 /* Default@2x.png */; };
		7649AA8F37424D3A8F85BE0C /* libPods-VZ.a in Frameworks */ = {isa = PBXBuildFile; fileRef = 372E87D092FE4BD8BCAD6AB6 /* libPods-VZ.a */; };
/* End PBXBuildFile section */

/* Begin PBXFileReference section */
		1F043A14187C18CC00EFA890 /* VZWebViewC.h */ = {isa = PBXFileReference; fileEncoding = 4; lastKnownFileType = sourcecode.c.h; path = VZWebViewC.h; sourceTree = "<group>"; };
		1F043A15187C18CC00EFA890 /* VZWebViewC.m */ = {isa = PBXFileReference; fileEncoding = 4; lastKnownFileType = sourcecode.c.objc; path = VZWebViewC.m; sourceTree = "<group>"; };
		1F0F989018385C2E000CE764 /* navBg@2x.png */ = {isa = PBXFileReference; lastKnownFileType = image.png; path = "navBg@2x.png"; sourceTree = "<group>"; };
		1F0F989218388E0E000CE764 /* VZCommentCell.h */ = {isa = PBXFileReference; fileEncoding = 4; lastKnownFileType = sourcecode.c.h; path = VZCommentCell.h; sourceTree = "<group>"; };
		1F0F989318388E0E000CE764 /* VZCommentCell.m */ = {isa = PBXFileReference; fileEncoding = 4; lastKnownFileType = sourcecode.c.objc; path = VZCommentCell.m; sourceTree = "<group>"; };
		1F0F98951838987C000CE764 /* chatBg@2x.png */ = {isa = PBXFileReference; lastKnownFileType = image.png; path = "chatBg@2x.png"; sourceTree = "<group>"; };
		1F0F98961838987C000CE764 /* chatBg2@2x.png */ = {isa = PBXFileReference; lastKnownFileType = image.png; path = "chatBg2@2x.png"; sourceTree = "<group>"; };
		1F19022A18ACBC5E00BC5438 /* search.png */ = {isa = PBXFileReference; lastKnownFileType = image.png; path = search.png; sourceTree = "<group>"; };
		1F19022B18ACBC5E00BC5438 /* search@2x.png */ = {isa = PBXFileReference; lastKnownFileType = image.png; path = "search@2x.png"; sourceTree = "<group>"; };
		1F19022E18ACC66900BC5438 /* VZSearchBar.h */ = {isa = PBXFileReference; fileEncoding = 4; lastKnownFileType = sourcecode.c.h; path = VZSearchBar.h; sourceTree = "<group>"; };
		1F19022F18ACC66900BC5438 /* VZSearchBar.m */ = {isa = PBXFileReference; fileEncoding = 4; lastKnownFileType = sourcecode.c.objc; path = VZSearchBar.m; sourceTree = "<group>"; };
		1F19023118ACCEC000BC5438 /* searchClose.png */ = {isa = PBXFileReference; lastKnownFileType = image.png; path = searchClose.png; sourceTree = "<group>"; };
		1F19023218ACCEC000BC5438 /* searchClose@2x.png */ = {isa = PBXFileReference; lastKnownFileType = image.png; path = "searchClose@2x.png"; sourceTree = "<group>"; };
		1F49C10E188AB05300767851 /* VZFeedbackC.h */ = {isa = PBXFileReference; fileEncoding = 4; lastKnownFileType = sourcecode.c.h; path = VZFeedbackC.h; sourceTree = "<group>"; };
		1F49C10F188AB05300767851 /* VZFeedbackC.m */ = {isa = PBXFileReference; fileEncoding = 4; lastKnownFileType = sourcecode.c.objc; path = VZFeedbackC.m; sourceTree = "<group>"; };
		1F4C5C101849B6ED00AB3696 /* VZNavC.h */ = {isa = PBXFileReference; fileEncoding = 4; lastKnownFileType = sourcecode.c.h; path = VZNavC.h; sourceTree = "<group>"; };
		1F4C5C111849B6ED00AB3696 /* VZNavC.m */ = {isa = PBXFileReference; fileEncoding = 4; lastKnownFileType = sourcecode.c.objc; path = VZNavC.m; sourceTree = "<group>"; };
		1F664F89182375A500DA43F1 /* VZPostViewC.h */ = {isa = PBXFileReference; fileEncoding = 4; lastKnownFileType = sourcecode.c.h; path = VZPostViewC.h; sourceTree = "<group>"; };
		1F664F8A182375A500DA43F1 /* VZPostViewC.m */ = {isa = PBXFileReference; fileEncoding = 4; lastKnownFileType = sourcecode.c.objc; path = VZPostViewC.m; sourceTree = "<group>"; };
		1F7721ED1812D3680080308A /* VZ.app */ = {isa = PBXFileReference; explicitFileType = wrapper.application; includeInIndex = 0; path = VZ.app; sourceTree = BUILT_PRODUCTS_DIR; };
		1F7721F01812D3680080308A /* Foundation.framework */ = {isa = PBXFileReference; lastKnownFileType = wrapper.framework; name = Foundation.framework; path = System/Library/Frameworks/Foundation.framework; sourceTree = SDKROOT; };
		1F7721F21812D3680080308A /* CoreGraphics.framework */ = {isa = PBXFileReference; lastKnownFileType = wrapper.framework; name = CoreGraphics.framework; path = System/Library/Frameworks/CoreGraphics.framework; sourceTree = SDKROOT; };
		1F7721F41812D3680080308A /* UIKit.framework */ = {isa = PBXFileReference; lastKnownFileType = wrapper.framework; name = UIKit.framework; path = System/Library/Frameworks/UIKit.framework; sourceTree = SDKROOT; };
		1F7721F81812D3680080308A /* VZ-Info.plist */ = {isa = PBXFileReference; lastKnownFileType = text.plist.xml; path = "VZ-Info.plist"; sourceTree = "<group>"; };
		1F7721FA1812D3680080308A /* en */ = {isa = PBXFileReference; lastKnownFileType = text.plist.strings; name = en; path = en.lproj/InfoPlist.strings; sourceTree = "<group>"; };
		1F7721FC1812D3680080308A /* main.m */ = {isa = PBXFileReference; lastKnownFileType = sourcecode.c.objc; path = main.m; sourceTree = "<group>"; };
		1F7721FE1812D3680080308A /* VZ-Prefix.pch */ = {isa = PBXFileReference; lastKnownFileType = sourcecode.c.h; path = "VZ-Prefix.pch"; sourceTree = "<group>"; };
		1F7721FF1812D3680080308A /* VZAppDelegate.h */ = {isa = PBXFileReference; lastKnownFileType = sourcecode.c.h; path = VZAppDelegate.h; sourceTree = "<group>"; };
		1F7722001812D3680080308A /* VZAppDelegate.m */ = {isa = PBXFileReference; lastKnownFileType = sourcecode.c.objc; path = VZAppDelegate.m; sourceTree = "<group>"; };
		1F77221F1812D6FC0080308A /* iPhone.storyboard */ = {isa = PBXFileReference; fileEncoding = 4; lastKnownFileType = file.storyboard; path = iPhone.storyboard; sourceTree = "<group>"; };
		1F7722221812D7EA0080308A /* VZPostListC.h */ = {isa = PBXFileReference; fileEncoding = 4; lastKnownFileType = sourcecode.c.h; path = VZPostListC.h; sourceTree = "<group>"; };
		1F7722231812D7EA0080308A /* VZPostListC.m */ = {isa = PBXFileReference; fileEncoding = 4; lastKnownFileType = sourcecode.c.objc; path = VZPostListC.m; sourceTree = "<group>"; };
		1F772225181383350080308A /* VZMenuC.h */ = {isa = PBXFileReference; fileEncoding = 4; lastKnownFileType = sourcecode.c.h; path = VZMenuC.h; sourceTree = "<group>"; };
		1F772226181383350080308A /* VZMenuC.m */ = {isa = PBXFileReference; fileEncoding = 4; lastKnownFileType = sourcecode.c.objc; path = VZMenuC.m; sourceTree = "<group>"; };
		1F77222818138EE80080308A /* zh-Hans */ = {isa = PBXFileReference; lastKnownFileType = text.plist.strings; name = "zh-Hans"; path = "zh-Hans.lproj/InfoPlist.strings"; sourceTree = "<group>"; };
		1F7DFD9D1821F31500323B65 /* VZProgressView.h */ = {isa = PBXFileReference; fileEncoding = 4; lastKnownFileType = sourcecode.c.h; path = VZProgressView.h; sourceTree = "<group>"; };
		1F7DFD9E1821F31500323B65 /* VZProgressView.m */ = {isa = PBXFileReference; fileEncoding = 4; lastKnownFileType = sourcecode.c.objc; path = VZProgressView.m; sourceTree = "<group>"; };
		1F80240F18797A80005F4005 /* VZStatusListC.h */ = {isa = PBXFileReference; fileEncoding = 4; lastKnownFileType = sourcecode.c.h; path = VZStatusListC.h; sourceTree = "<group>"; };
		1F80241018797A80005F4005 /* VZStatusListC.m */ = {isa = PBXFileReference; fileEncoding = 4; lastKnownFileType = sourcecode.c.objc; path = VZStatusListC.m; sourceTree = "<group>"; };
		1F8A64BD1838C73D00E825BC /* MapKit.framework */ = {isa = PBXFileReference; lastKnownFileType = wrapper.framework; name = MapKit.framework; path = System/Library/Frameworks/MapKit.framework; sourceTree = SDKROOT; };
		1F94FF56183763C0001114B4 /* VZNavView.h */ = {isa = PBXFileReference; fileEncoding = 4; lastKnownFileType = sourcecode.c.h; path = VZNavView.h; sourceTree = "<group>"; };
		1F94FF57183763C0001114B4 /* VZNavView.m */ = {isa = PBXFileReference; fileEncoding = 4; lastKnownFileType = sourcecode.c.objc; path = VZNavView.m; sourceTree = "<group>"; };
		1F94FF59183781D5001114B4 /* arrow@2x.png */ = {isa = PBXFileReference; lastKnownFileType = image.png; path = "arrow@2x.png"; sourceTree = "<group>"; };
		1F94FF5B183786BA001114B4 /* close@2x.png */ = {isa = PBXFileReference; lastKnownFileType = image.png; path = "close@2x.png"; sourceTree = "<group>"; };
		1FAACB221813DB5700BA19DC /* head@2x.png */ = {isa = PBXFileReference; lastKnownFileType = image.png; path = "head@2x.png"; sourceTree = "<group>"; };
		1FAACB241813E13F00BA19DC /* near@2x.png */ = {isa = PBXFileReference; lastKnownFileType = image.png; path = "near@2x.png"; sourceTree = "<group>"; };
		1FAACB251813E13F00BA19DC /* settings@2x.png */ = {isa = PBXFileReference; lastKnownFileType = image.png; path = "settings@2x.png"; sourceTree = "<group>"; };
		1FAACB281813E17F00BA19DC /* pics@2x.png */ = {isa = PBXFileReference; lastKnownFileType = image.png; path = "pics@2x.png"; sourceTree = "<group>"; };
		1FAACB2A1813E19700BA19DC /* all@2x.png */ = {isa = PBXFileReference; lastKnownFileType = image.png; path = "all@2x.png"; sourceTree = "<group>"; };
		1FAACB2C1813E1EA00BA19DC /* req@2x.png */ = {isa = PBXFileReference; lastKnownFileType = image.png; path = "req@2x.png"; sourceTree = "<group>"; };
		1FAACB2E1813E27B00BA19DC /* Dots@2x.png */ = {isa = PBXFileReference; lastKnownFileType = image.png; path = "Dots@2x.png"; sourceTree = "<group>"; };
		1FAACB311813E58200BA19DC /* VZM.h */ = {isa = PBXFileReference; fileEncoding = 4; lastKnownFileType = sourcecode.c.h; path = VZM.h; sourceTree = "<group>"; };
		1FAACB321813E58200BA19DC /* VZM.m */ = {isa = PBXFileReference; fileEncoding = 4; lastKnownFileType = sourcecode.c.objc; path = VZM.m; sourceTree = "<group>"; };
		1FC0818F18252A13005CAFBB /* VZNearC.h */ = {isa = PBXFileReference; fileEncoding = 4; lastKnownFileType = sourcecode.c.h; path = VZNearC.h; sourceTree = "<group>"; };
		1FC0819018252A13005CAFBB /* VZNearC.m */ = {isa = PBXFileReference; fileEncoding = 4; lastKnownFileType = sourcecode.c.objc; path = VZNearC.m; sourceTree = "<group>"; };
		1FDA8678187926CA00DB536D /* spam.png */ = {isa = PBXFileReference; lastKnownFileType = image.png; path = spam.png; sourceTree = "<group>"; };
		1FDA8679187926CA00DB536D /* spam@2x.png */ = {isa = PBXFileReference; lastKnownFileType = image.png; path = "spam@2x.png"; sourceTree = "<group>"; };
		1FDA86821879342800DB536D /* home@2x.png */ = {isa = PBXFileReference; lastKnownFileType = image.png; path = "home@2x.png"; sourceTree = "<group>"; };
		1FDA86831879342800DB536D /* home.png */ = {isa = PBXFileReference; lastKnownFileType = image.png; path = home.png; sourceTree = "<group>"; };
		1FDD7525181BA4B400F490A3 /* VZPost.h */ = {isa = PBXFileReference; fileEncoding = 4; lastKnownFileType = sourcecode.c.h; path = VZPost.h; sourceTree = "<group>"; };
		1FDD7526181BA4B400F490A3 /* VZPost.m */ = {isa = PBXFileReference; fileEncoding = 4; lastKnownFileType = sourcecode.c.objc; path = VZPost.m; sourceTree = "<group>"; };
		1FDD7528181BAE0600F490A3 /* VZPostCell.h */ = {isa = PBXFileReference; fileEncoding = 4; lastKnownFileType = sourcecode.c.h; path = VZPostCell.h; sourceTree = "<group>"; };
		1FDD7529181BAE0600F490A3 /* VZPostCell.m */ = {isa = PBXFileReference; fileEncoding = 4; lastKnownFileType = sourcecode.c.objc; path = VZPostCell.m; sourceTree = "<group>"; };
		1FDD752B181CCC0700F490A3 /* bg@2x.png */ = {isa = PBXFileReference; lastKnownFileType = image.png; path = "bg@2x.png"; sourceTree = "<group>"; };
		1FDD752D181CCD6F00F490A3 /* bg2@2x.png */ = {isa = PBXFileReference; lastKnownFileType = image.png; path = "bg2@2x.png"; sourceTree = "<group>"; };
		1FDD752F181CE30000F490A3 /* geo@2x.png */ = {isa = PBXFileReference; lastKnownFileType = image.png; path = "geo@2x.png"; sourceTree = "<group>"; };
		1FDF3B0F185441CC0069834B /* trash@2x.png */ = {isa = PBXFileReference; lastKnownFileType = image.png; path = "trash@2x.png"; sourceTree = "<group>"; };
		1FDF3B10185441CC0069834B /* trash.png */ = {isa = PBXFileReference; lastKnownFileType = image.png; path = trash.png; sourceTree = "<group>"; };
		1FDF3B131854434D0069834B /* map.png */ = {isa = PBXFileReference; lastKnownFileType = image.png; path = map.png; sourceTree = "<group>"; };
		1FDF3B141854434D0069834B /* map@2x.png */ = {isa = PBXFileReference; lastKnownFileType = image.png; path = "map@2x.png"; sourceTree = "<group>"; };
		1FDF3B17185443D50069834B /* fav@2x.png */ = {isa = PBXFileReference; lastKnownFileType = image.png; path = "fav@2x.png"; sourceTree = "<group>"; };
		1FDF3B18185443D50069834B /* fav.png */ = {isa = PBXFileReference; lastKnownFileType = image.png; path = fav.png; sourceTree = "<group>"; };
		1FDF3B1B185444380069834B /* deal@2x.png */ = {isa = PBXFileReference; lastKnownFileType = image.png; path = "deal@2x.png"; sourceTree = "<group>"; };
		1FDF3B1C185444380069834B /* deal.png */ = {isa = PBXFileReference; lastKnownFileType = image.png; path = deal.png; sourceTree = "<group>"; };
		1FDF3B1F185445450069834B /* VZPostActionC.h */ = {isa = PBXFileReference; fileEncoding = 4; lastKnownFileType = sourcecode.c.h; path = VZPostActionC.h; sourceTree = "<group>"; };
		1FDF3B20185445450069834B /* VZPostActionC.m */ = {isa = PBXFileReference; fileEncoding = 4; lastKnownFileType = sourcecode.c.objc; path = VZPostActionC.m; sourceTree = "<group>"; };
		1FE18C53183C983E009E7938 /* VZStacView.h */ = {isa = PBXFileReference; fileEncoding = 4; lastKnownFileType = sourcecode.c.h; path = VZStacView.h; sourceTree = "<group>"; };
		1FE18C54183C983E009E7938 /* VZStacView.m */ = {isa = PBXFileReference; fileEncoding = 4; lastKnownFileType = sourcecode.c.objc; path = VZStacView.m; sourceTree = "<group>"; };
		1FF2A33F183B0D3500731771 /* VZSettingsC.h */ = {isa = PBXFileReference; fileEncoding = 4; lastKnownFileType = sourcecode.c.h; path = VZSettingsC.h; sourceTree = "<group>"; };
		1FF2A340183B0D3500731771 /* VZSettingsC.m */ = {isa = PBXFileReference; fileEncoding = 4; lastKnownFileType = sourcecode.c.objc; path = VZSettingsC.m; sourceTree = "<group>"; };
		1FFC7EE7188BF79400C16B97 /* Icon.png */ = {isa = PBXFileReference; lastKnownFileType = image.png; path = Icon.png; sourceTree = "<group>"; };
		1FFC7EE9188BF79A00C16B97 /* Icon@2x.png */ = {isa = PBXFileReference; lastKnownFileType = image.png; path = "Icon@2x.png"; sourceTree = "<group>"; };
		1FFC7EEB188BF7B200C16B97 /* Icon-120@2x.png */ = {isa = PBXFileReference; lastKnownFileType = image.png; path = "Icon-120@2x.png"; sourceTree = "<group>"; };
		1FFC7EED188BF7DD00C16B97 /* Default-568h@2x.png */ = {isa = PBXFileReference; lastKnownFileType = image.png; path = "Default-568h@2x.png"; sourceTree = "<group>"; };
		1FFC7EEE188BF7DD00C16B97 /* Default@2x.png */ = {isa = PBXFileReference; lastKnownFileType = image.png; path = "Default@2x.png"; sourceTree = "<group>"; };
		1FFC7EF1188BFEC900C16B97 /* VZ.entitlements */ = {isa = PBXFileReference; lastKnownFileType = text.xml; path = VZ.entitlements; sourceTree = "<group>"; };
		372E87D092FE4BD8BCAD6AB6 /* libPods-VZ.a */ = {isa = PBXFileReference; explicitFileType = archive.ar; includeInIndex = 0; path = "libPods-VZ.a"; sourceTree = BUILT_PRODUCTS_DIR; };
		8B4AF051FD3B4904A6F9F111 /* Pods-VZ.xcconfig */ = {isa = PBXFileReference; includeInIndex = 1; lastKnownFileType = text.xcconfig; name = "Pods-VZ.xcconfig"; path = "Pods/Pods-VZ.xcconfig"; sourceTree = "<group>"; };
/* End PBXFileReference section */

/* Begin PBXFrameworksBuildPhase section */
		1F7721EA1812D3680080308A /* Frameworks */ = {
			isa = PBXFrameworksBuildPhase;
			buildActionMask = 2147483647;
			files = (
				1F8A64BE1838C73D00E825BC /* MapKit.framework in Frameworks */,
				1F7721F31812D3680080308A /* CoreGraphics.framework in Frameworks */,
				1F7721F51812D3680080308A /* UIKit.framework in Frameworks */,
				1F7721F11812D3680080308A /* Foundation.framework in Frameworks */,
				7649AA8F37424D3A8F85BE0C /* libPods-VZ.a in Frameworks */,
			);
			runOnlyForDeploymentPostprocessing = 0;
		};
/* End PBXFrameworksBuildPhase section */

/* Begin PBXGroup section */
		1F7721E41812D3680080308A = {
			isa = PBXGroup;
			children = (
				1F7721F61812D3680080308A /* VZ */,
				1F7721EF1812D3680080308A /* Frameworks */,
				1F7721EE1812D3680080308A /* Products */,
				8B4AF051FD3B4904A6F9F111 /* Pods-VZ.xcconfig */,
			);
			sourceTree = "<group>";
		};
		1F7721EE1812D3680080308A /* Products */ = {
			isa = PBXGroup;
			children = (
				1F7721ED1812D3680080308A /* VZ.app */,
			);
			name = Products;
			sourceTree = "<group>";
		};
		1F7721EF1812D3680080308A /* Frameworks */ = {
			isa = PBXGroup;
			children = (
				1F8A64BD1838C73D00E825BC /* MapKit.framework */,
				1F7721F01812D3680080308A /* Foundation.framework */,
				1F7721F21812D3680080308A /* CoreGraphics.framework */,
				1F7721F41812D3680080308A /* UIKit.framework */,
				372E87D092FE4BD8BCAD6AB6 /* libPods-VZ.a */,
			);
			name = Frameworks;
			sourceTree = "<group>";
		};
		1F7721F61812D3680080308A /* VZ */ = {
			isa = PBXGroup;
			children = (
				1F7DFD931821F2F700323B65 /* V */,
				1FAACB301813E56F00BA19DC /* M */,
				1F7722211812D7BF0080308A /* C */,
				1F7721FF1812D3680080308A /* VZAppDelegate.h */,
				1F7722001812D3680080308A /* VZAppDelegate.m */,
				1F7721F71812D3680080308A /* Supporting Files */,
			);
			path = VZ;
			sourceTree = "<group>";
		};
		1F7721F71812D3680080308A /* Supporting Files */ = {
			isa = PBXGroup;
			children = (
				1FFC7EF1188BFEC900C16B97 /* VZ.entitlements */,
				1FFC7EED188BF7DD00C16B97 /* Default-568h@2x.png */,
				1FFC7EEE188BF7DD00C16B97 /* Default@2x.png */,
				1FFC7EE7188BF79400C16B97 /* Icon.png */,
				1FFC7EE9188BF79A00C16B97 /* Icon@2x.png */,
				1FFC7EEB188BF7B200C16B97 /* Icon-120@2x.png */,
				1F19022A18ACBC5E00BC5438 /* search.png */,
				1F19022B18ACBC5E00BC5438 /* search@2x.png */,
				1F19023118ACCEC000BC5438 /* searchClose.png */,
				1F19023218ACCEC000BC5438 /* searchClose@2x.png */,
				1FDA86821879342800DB536D /* home@2x.png */,
				1FDA86831879342800DB536D /* home.png */,
				1FDA8678187926CA00DB536D /* spam.png */,
				1FDA8679187926CA00DB536D /* spam@2x.png */,
				1FDF3B1B185444380069834B /* deal@2x.png */,
				1FDF3B1C185444380069834B /* deal.png */,
				1FDF3B17185443D50069834B /* fav@2x.png */,
				1FDF3B18185443D50069834B /* fav.png */,
				1FDF3B131854434D0069834B /* map.png */,
				1FDF3B141854434D0069834B /* map@2x.png */,
				1FDF3B0F185441CC0069834B /* trash@2x.png */,
				1FDF3B10185441CC0069834B /* trash.png */,
				1F0F98951838987C000CE764 /* chatBg@2x.png */,
				1F0F98961838987C000CE764 /* chatBg2@2x.png */,
				1F0F989018385C2E000CE764 /* navBg@2x.png */,
				1F94FF5B183786BA001114B4 /* close@2x.png */,
				1F94FF59183781D5001114B4 /* arrow@2x.png */,
				1FAACB2E1813E27B00BA19DC /* Dots@2x.png */,
				1FDD752F181CE30000F490A3 /* geo@2x.png */,
				1FDD752B181CCC0700F490A3 /* bg@2x.png */,
				1FDD752D181CCD6F00F490A3 /* bg2@2x.png */,
				1FAACB2A1813E19700BA19DC /* all@2x.png */,
				1FAACB281813E17F00BA19DC /* pics@2x.png */,
				1FAACB241813E13F00BA19DC /* near@2x.png */,
				1FAACB2C1813E1EA00BA19DC /* req@2x.png */,
				1FAACB251813E13F00BA19DC /* settings@2x.png */,
				1FAACB221813DB5700BA19DC /* head@2x.png */,
				1F77221F1812D6FC0080308A /* iPhone.storyboard */,
				1F7721F81812D3680080308A /* VZ-Info.plist */,
				1F7721F91812D3680080308A /* InfoPlist.strings */,
				1F7721FC1812D3680080308A /* main.m */,
				1F7721FE1812D3680080308A /* VZ-Prefix.pch */,
			);
			name = "Supporting Files";
			sourceTree = "<group>";
		};
		1F7722211812D7BF0080308A /* C */ = {
			isa = PBXGroup;
			children = (
				1F0F989218388E0E000CE764 /* VZCommentCell.h */,
				1F0F989318388E0E000CE764 /* VZCommentCell.m */,
				1FDD7528181BAE0600F490A3 /* VZPostCell.h */,
				1FDD7529181BAE0600F490A3 /* VZPostCell.m */,
				1F7722221812D7EA0080308A /* VZPostListC.h */,
				1F7722231812D7EA0080308A /* VZPostListC.m */,
				1F772225181383350080308A /* VZMenuC.h */,
				1F772226181383350080308A /* VZMenuC.m */,
				1F664F89182375A500DA43F1 /* VZPostViewC.h */,
				1F664F8A182375A500DA43F1 /* VZPostViewC.m */,
				1FC0818F18252A13005CAFBB /* VZNearC.h */,
				1FC0819018252A13005CAFBB /* VZNearC.m */,
				1FF2A33F183B0D3500731771 /* VZSettingsC.h */,
				1FF2A340183B0D3500731771 /* VZSettingsC.m */,
				1F4C5C101849B6ED00AB3696 /* VZNavC.h */,
				1F4C5C111849B6ED00AB3696 /* VZNavC.m */,
				1FDF3B1F185445450069834B /* VZPostActionC.h */,
				1FDF3B20185445450069834B /* VZPostActionC.m */,
				1F80240F18797A80005F4005 /* VZStatusListC.h */,
				1F80241018797A80005F4005 /* VZStatusListC.m */,
				1F043A14187C18CC00EFA890 /* VZWebViewC.h */,
				1F043A15187C18CC00EFA890 /* VZWebViewC.m */,
				1F49C10E188AB05300767851 /* VZFeedbackC.h */,
				1F49C10F188AB05300767851 /* VZFeedbackC.m */,
			);
			name = C;
			sourceTree = "<group>";
		};
		1F7DFD931821F2F700323B65 /* V */ = {
			isa = PBXGroup;
			children = (
				1F7DFD9D1821F31500323B65 /* VZProgressView.h */,
				1F7DFD9E1821F31500323B65 /* VZProgressView.m */,
				1F94FF56183763C0001114B4 /* VZNavView.h */,
				1F94FF57183763C0001114B4 /* VZNavView.m */,
				1FE18C53183C983E009E7938 /* VZStacView.h */,
				1FE18C54183C983E009E7938 /* VZStacView.m */,
				1F19022E18ACC66900BC5438 /* VZSearchBar.h */,
				1F19022F18ACC66900BC5438 /* VZSearchBar.m */,
			);
			name = V;
			sourceTree = "<group>";
		};
		1FAACB301813E56F00BA19DC /* M */ = {
			isa = PBXGroup;
			children = (
				1FAACB311813E58200BA19DC /* VZM.h */,
				1FAACB321813E58200BA19DC /* VZM.m */,
				1FDD7525181BA4B400F490A3 /* VZPost.h */,
				1FDD7526181BA4B400F490A3 /* VZPost.m */,
			);
			name = M;
			sourceTree = "<group>";
		};
/* End PBXGroup section */

/* Begin PBXNativeTarget section */
		1F7721EC1812D3680080308A /* VZ */ = {
			isa = PBXNativeTarget;
			buildConfigurationList = 1F7722191812D3680080308A /* Build configuration list for PBXNativeTarget "VZ" */;
			buildPhases = (
				6EC9290C8E984A168E3B3944 /* Check Pods Manifest.lock */,
				1F7721E91812D3680080308A /* Sources */,
				1F7721EA1812D3680080308A /* Frameworks */,
				1F7721EB1812D3680080308A /* Resources */,
				8AAD2EFB94384478A691C1DD /* Copy Pods Resources */,
			);
			buildRules = (
			);
			dependencies = (
			);
			name = VZ;
			productName = VZ;
			productReference = 1F7721ED1812D3680080308A /* VZ.app */;
			productType = "com.apple.product-type.application";
		};
/* End PBXNativeTarget section */

/* Begin PBXProject section */
		1F7721E51812D3680080308A /* Project object */ = {
			isa = PBXProject;
			attributes = {
				CLASSPREFIX = VZ;
				LastUpgradeCheck = 0500;
				ORGANIZATIONNAME = "Plumn LLC.";
				TargetAttributes = {
					1F7721EC1812D3680080308A = {
						DevelopmentTeam = L8QM6A52NF;
						SystemCapabilities = {
							com.apple.BackgroundModes = {
								enabled = 1;
							};
							com.apple.Keychain = {
								enabled = 0;
							};
						};
					};
				};
			};
			buildConfigurationList = 1F7721E81812D3680080308A /* Build configuration list for PBXProject "VZ" */;
			compatibilityVersion = "Xcode 3.2";
			developmentRegion = English;
			hasScannedForEncodings = 0;
			knownRegions = (
				en,
				"zh-Hans",
			);
			mainGroup = 1F7721E41812D3680080308A;
			productRefGroup = 1F7721EE1812D3680080308A /* Products */;
			projectDirPath = "";
			projectRoot = "";
			targets = (
				1F7721EC1812D3680080308A /* VZ */,
			);
		};
/* End PBXProject section */

/* Begin PBXResourcesBuildPhase section */
		1F7721EB1812D3680080308A /* Resources */ = {
			isa = PBXResourcesBuildPhase;
			buildActionMask = 2147483647;
			files = (
				1F19022D18ACBC5E00BC5438 /* search@2x.png in Resources */,
				1F19023418ACCEC000BC5438 /* searchClose@2x.png in Resources */,
				1F94FF5C183786BA001114B4 /* close@2x.png in Resources */,
				1F0F98971838987C000CE764 /* chatBg@2x.png in Resources */,
				1FDF3B11185441CC0069834B /* trash@2x.png in Resources */,
				1FDF3B1E185444380069834B /* deal.png in Resources */,
				1FDA867A187926CA00DB536D /* spam.png in Resources */,
				1FAACB2F1813E27B00BA19DC /* Dots@2x.png in Resources */,
				1FFC7EEA188BF79A00C16B97 /* Icon@2x.png in Resources */,
				1FDA86841879342800DB536D /* home@2x.png in Resources */,
				1F19023318ACCEC000BC5438 /* searchClose.png in Resources */,
				1FAACB2B1813E19700BA19DC /* all@2x.png in Resources */,
				1FDA867B187926CA00DB536D /* spam@2x.png in Resources */,
				1F19022C18ACBC5E00BC5438 /* search.png in Resources */,
				1F7721FB1812D3680080308A /* InfoPlist.strings in Resources */,
				1FAACB271813E13F00BA19DC /* settings@2x.png in Resources */,
				1FDD752C181CCC0700F490A3 /* bg@2x.png in Resources */,
				1FFC7EE8188BF79400C16B97 /* Icon.png in Resources */,
				1FAACB261813E13F00BA19DC /* near@2x.png in Resources */,
				1FDF3B161854434D0069834B /* map@2x.png in Resources */,
				1F0F989118385C2E000CE764 /* navBg@2x.png in Resources */,
				1FAACB291813E17F00BA19DC /* pics@2x.png in Resources */,
				1F7722201812D6FC0080308A /* iPhone.storyboard in Resources */,
				1FAACB2D1813E1EA00BA19DC /* req@2x.png in Resources */,
				1F0F98981838987C000CE764 /* chatBg2@2x.png in Resources */,
				1FFC7EEC188BF7B200C16B97 /* Icon-120@2x.png in Resources */,
				1FDF3B1A185443D50069834B /* fav.png in Resources */,
				1FFC7EEF188BF7DD00C16B97 /* Default-568h@2x.png in Resources */,
				1FDF3B1D185444380069834B /* deal@2x.png in Resources */,
				1FAACB231813DB5700BA19DC /* head@2x.png in Resources */,
				1FFC7EF0188BF7DD00C16B97 /* Default@2x.png in Resources */,
				1F94FF5A183781D5001114B4 /* arrow@2x.png in Resources */,
				1FDD752E181CCD6F00F490A3 /* bg2@2x.png in Resources */,
				1FDD7530181CE30000F490A3 /* geo@2x.png in Resources */,
				1FDF3B151854434D0069834B /* map.png in Resources */,
				1FDA86851879342800DB536D /* home.png in Resources */,
				1FDF3B12185441CC0069834B /* trash.png in Resources */,
				1FDF3B19185443D50069834B /* fav@2x.png in Resources */,
			);
			runOnlyForDeploymentPostprocessing = 0;
		};
/* End PBXResourcesBuildPhase section */

/* Begin PBXShellScriptBuildPhase section */
		6EC9290C8E984A168E3B3944 /* Check Pods Manifest.lock */ = {
			isa = PBXShellScriptBuildPhase;
			buildActionMask = 2147483647;
			files = (
			);
			inputPaths = (
			);
			name = "Check Pods Manifest.lock";
			outputPaths = (
			);
			runOnlyForDeploymentPostprocessing = 0;
			shellPath = /bin/sh;
			shellScript = "diff \"${PODS_ROOT}/../Podfile.lock\" \"${PODS_ROOT}/Manifest.lock\" > /dev/null\nif [[ $? != 0 ]] ; then\n    cat << EOM\nerror: The sandbox is not in sync with the Podfile.lock. Run 'pod install' or update your CocoaPods installation.\nEOM\n    exit 1\nfi\n";
			showEnvVarsInLog = 0;
		};
		8AAD2EFB94384478A691C1DD /* Copy Pods Resources */ = {
			isa = PBXShellScriptBuildPhase;
			buildActionMask = 2147483647;
			files = (
			);
			inputPaths = (
			);
			name = "Copy Pods Resources";
			outputPaths = (
			);
			runOnlyForDeploymentPostprocessing = 0;
			shellPath = /bin/sh;
			shellScript = "\"${SRCROOT}/Pods/Pods-VZ-resources.sh\"\n";
			showEnvVarsInLog = 0;
		};
/* End PBXShellScriptBuildPhase section */

/* Begin PBXSourcesBuildPhase section */
		1F7721E91812D3680080308A /* Sources */ = {
			isa = PBXSourcesBuildPhase;
			buildActionMask = 2147483647;
			files = (
				1FAACB331813E58200BA19DC /* VZM.m in Sources */,
				1FDF3B21185445450069834B /* VZPostActionC.m in Sources */,
				1F0F989418388E0E000CE764 /* VZCommentCell.m in Sources */,
				1FF2A341183B0D3500731771 /* VZSettingsC.m in Sources */,
				1FDD7527181BA4B400F490A3 /* VZPost.m in Sources */,
				1F043A16187C18CC00EFA890 /* VZWebViewC.m in Sources */,
				1FDD752A181BAE0600F490A3 /* VZPostCell.m in Sources */,
				1F4C5C121849B6ED00AB3696 /* VZNavC.m in Sources */,
				1F664F8B182375A500DA43F1 /* VZPostViewC.m in Sources */,
				1F7DFD9F1821F31500323B65 /* VZProgressView.m in Sources */,
				1F772227181383350080308A /* VZMenuC.m in Sources */,
				1F7722241812D7EA0080308A /* VZPostListC.m in Sources */,
				1F7722011812D3680080308A /* VZAppDelegate.m in Sources */,
				1F7721FD1812D3680080308A /* main.m in Sources */,
				1F49C110188AB05300767851 /* VZFeedbackC.m in Sources */,
				1FE18C55183C983E009E7938 /* VZStacView.m in Sources */,
				1FC0819118252A13005CAFBB /* VZNearC.m in Sources */,
				1F94FF58183763C0001114B4 /* VZNavView.m in Sources */,
				1F80241118797A80005F4005 /* VZStatusListC.m in Sources */,
				1F19023018ACC66900BC5438 /* VZSearchBar.m in Sources */,
			);
			runOnlyForDeploymentPostprocessing = 0;
		};
/* End PBXSourcesBuildPhase section */

/* Begin PBXVariantGroup section */
		1F7721F91812D3680080308A /* InfoPlist.strings */ = {
			isa = PBXVariantGroup;
			children = (
				1F7721FA1812D3680080308A /* en */,
				1F77222818138EE80080308A /* zh-Hans */,
			);
			name = InfoPlist.strings;
			sourceTree = "<group>";
		};
/* End PBXVariantGroup section */

/* Begin XCBuildConfiguration section */
		1F7722171812D3680080308A /* Debug */ = {
			isa = XCBuildConfiguration;
			buildSettings = {
				ALWAYS_SEARCH_USER_PATHS = NO;
				ARCHS = "$(ARCHS_STANDARD)";
				CLANG_CXX_LANGUAGE_STANDARD = "gnu++0x";
				CLANG_CXX_LIBRARY = "libc++";
				CLANG_ENABLE_MODULES = YES;
				CLANG_ENABLE_OBJC_ARC = YES;
				CLANG_WARN_BOOL_CONVERSION = YES;
				CLANG_WARN_CONSTANT_CONVERSION = YES;
				CLANG_WARN_DIRECT_OBJC_ISA_USAGE = YES_ERROR;
				CLANG_WARN_EMPTY_BODY = YES;
				CLANG_WARN_ENUM_CONVERSION = YES;
				CLANG_WARN_INT_CONVERSION = YES;
				CLANG_WARN_OBJC_ROOT_CLASS = YES_ERROR;
				CLANG_WARN__DUPLICATE_METHOD_MATCH = YES;
				"CODE_SIGN_IDENTITY[sdk=iphoneos*]" = "iPhone Developer";
				COPY_PHASE_STRIP = NO;
				GCC_C_LANGUAGE_STANDARD = gnu99;
				GCC_DYNAMIC_NO_PIC = NO;
				GCC_OPTIMIZATION_LEVEL = 0;
				GCC_PREPROCESSOR_DEFINITIONS = (
					"DEBUG=1",
					"$(inherited)",
				);
				GCC_SYMBOLS_PRIVATE_EXTERN = NO;
				GCC_WARN_64_TO_32_BIT_CONVERSION = YES;
				GCC_WARN_ABOUT_RETURN_TYPE = YES_ERROR;
				GCC_WARN_UNDECLARED_SELECTOR = YES;
				GCC_WARN_UNINITIALIZED_AUTOS = YES;
				GCC_WARN_UNUSED_FUNCTION = YES;
				GCC_WARN_UNUSED_VARIABLE = YES;
				IPHONEOS_DEPLOYMENT_TARGET = 6.0;
				ONLY_ACTIVE_ARCH = YES;
				SDKROOT = iphoneos;
			};
			name = Debug;
		};
		1F7722181812D3680080308A /* Release */ = {
			isa = XCBuildConfiguration;
			buildSettings = {
				ALWAYS_SEARCH_USER_PATHS = NO;
				ARCHS = "$(ARCHS_STANDARD)";
				CLANG_CXX_LANGUAGE_STANDARD = "gnu++0x";
				CLANG_CXX_LIBRARY = "libc++";
				CLANG_ENABLE_MODULES = YES;
				CLANG_ENABLE_OBJC_ARC = YES;
				CLANG_WARN_BOOL_CONVERSION = YES;
				CLANG_WARN_CONSTANT_CONVERSION = YES;
				CLANG_WARN_DIRECT_OBJC_ISA_USAGE = YES_ERROR;
				CLANG_WARN_EMPTY_BODY = YES;
				CLANG_WARN_ENUM_CONVERSION = YES;
				CLANG_WARN_INT_CONVERSION = YES;
				CLANG_WARN_OBJC_ROOT_CLASS = YES_ERROR;
				CLANG_WARN__DUPLICATE_METHOD_MATCH = YES;
				"CODE_SIGN_IDENTITY[sdk=iphoneos*]" = "iPhone Developer";
				COPY_PHASE_STRIP = YES;
				ENABLE_NS_ASSERTIONS = NO;
				GCC_C_LANGUAGE_STANDARD = gnu99;
				GCC_WARN_64_TO_32_BIT_CONVERSION = YES;
				GCC_WARN_ABOUT_RETURN_TYPE = YES_ERROR;
				GCC_WARN_UNDECLARED_SELECTOR = YES;
				GCC_WARN_UNINITIALIZED_AUTOS = YES;
				GCC_WARN_UNUSED_FUNCTION = YES;
				GCC_WARN_UNUSED_VARIABLE = YES;
				IPHONEOS_DEPLOYMENT_TARGET = 6.0;
				SDKROOT = iphoneos;
				VALIDATE_PRODUCT = YES;
			};
			name = Release;
		};
		1F77221A1812D3680080308A /* Debug */ = {
			isa = XCBuildConfiguration;
			baseConfigurationReference = 8B4AF051FD3B4904A6F9F111 /* Pods-VZ.xcconfig */;
			buildSettings = {
				APS_ENV = development;
				ARCHS = "$(ARCHS_STANDARD_INCLUDING_64_BIT)";
				CODE_SIGN_ENTITLEMENTS = "";
				CODE_SIGN_IDENTITY = "";
				"CODE_SIGN_IDENTITY[sdk=iphoneos*]" = "";
				COMPRESS_PNG_FILES = NO;
				DEBUG_INFORMATION_FORMAT = "dwarf-with-dsym";
				FRAMEWORK_SEARCH_PATHS = "$(inherited)";
				GCC_PRECOMPILE_PREFIX_HEADER = YES;
				GCC_PREFIX_HEADER = "VZ/VZ-Prefix.pch";
				INFOPLIST_FILE = "VZ/VZ-Info.plist";
				IPHONEOS_DEPLOYMENT_TARGET = 7.0;
				PRODUCT_NAME = "$(TARGET_NAME)";
				PROVISIONING_PROFILE = "D9ED611F-C20C-43EE-9248-8FAC41F98C40";
				TASK_ALLOW = YES;
				VALID_ARCHS = "armv7 armv7s arm64";
				WRAPPER_EXTENSION = app;
			};
			name = Debug;
		};
		1F77221B1812D3680080308A /* Release */ = {
			isa = XCBuildConfiguration;
			baseConfigurationReference = 8B4AF051FD3B4904A6F9F111 /* Pods-VZ.xcconfig */;
			buildSettings = {
				APS_ENV = production;
				ARCHS = "$(ARCHS_STANDARD_INCLUDING_64_BIT)";
				CODE_SIGN_ENTITLEMENTS = VZ/VZ.entitlements;
				CODE_SIGN_IDENTITY = "";
				"CODE_SIGN_IDENTITY[sdk=iphoneos*]" = "";
				COMPRESS_PNG_FILES = NO;
				DEBUG_INFORMATION_FORMAT = "dwarf-with-dsym";
				FRAMEWORK_SEARCH_PATHS = "$(inherited)";
				GCC_PRECOMPILE_PREFIX_HEADER = YES;
				GCC_PREFIX_HEADER = "VZ/VZ-Prefix.pch";
				INFOPLIST_FILE = "VZ/VZ-Info.plist";
				IPHONEOS_DEPLOYMENT_TARGET = 7.0;
				PRODUCT_NAME = "$(TARGET_NAME)";
				PROVISIONING_PROFILE = "F1870399-11F9-47B0-9E74-2774C1389AE3";
				TASK_ALLOW = NO;
				WRAPPER_EXTENSION = app;
			};
			name = Release;
		};
/* End XCBuildConfiguration section */

/* Begin XCConfigurationList section */
		1F7721E81812D3680080308A /* Build configuration list for PBXProject "VZ" */ = {
			isa = XCConfigurationList;
			buildConfigurations = (
				1F7722171812D3680080308A /* Debug */,
				1F7722181812D3680080308A /* Release */,
			);
			defaultConfigurationIsVisible = 0;
			defaultConfigurationName = Release;
		};
		1F7722191812D3680080308A /* Build configuration list for PBXNativeTarget "VZ" */ = {
			isa = XCConfigurationList;
			buildConfigurations = (
				1F77221A1812D3680080308A /* Debug */,
				1F77221B1812D3680080308A /* Release */,
			);
			defaultConfigurationIsVisible = 0;
			defaultConfigurationName = Release;
		};
/* End XCConfigurationList section */
	};
	rootObject = 1F7721E51812D3680080308A /* Project object */;
}
